// !$*UTF8*$!
{
	archiveVersion = 1;
	classes = {
	};
	objectVersion = 56;
	objects = {

/* Begin PBXBuildFile section */
		583519592B22160D00366A4D /* SonyCount.swift in Sources */ = {isa = PBXBuildFile; fileRef = 583519582B22160D00366A4D /* SonyCount.swift */; };
		5835195B2B2216D700366A4D /* CanonCount.swift in Sources */ = {isa = PBXBuildFile; fileRef = 5835195A2B2216D700366A4D /* CanonCount.swift */; };
		5835195D2B2217A200366A4D /* PanasonicCount.swift in Sources */ = {isa = PBXBuildFile; fileRef = 5835195C2B2217A200366A4D /* PanasonicCount.swift */; };
		583EE8332B2ACD3B007C0112 /* func_SonyMedia.swift in Sources */ = {isa = PBXBuildFile; fileRef = 583EE8322B2ACD3B007C0112 /* func_SonyMedia.swift */; };
		5864C06A2A7000D900611BD0 /* TaurusApp.swift in Sources */ = {isa = PBXBuildFile; fileRef = 5864C0692A7000D900611BD0 /* TaurusApp.swift */; };
		5864C06C2A7000D900611BD0 /* ContentView.swift in Sources */ = {isa = PBXBuildFile; fileRef = 5864C06B2A7000D900611BD0 /* ContentView.swift */; };
		5864C06E2A7000D900611BD0 /* Assets.xcassets in Resources */ = {isa = PBXBuildFile; fileRef = 5864C06D2A7000D900611BD0 /* Assets.xcassets */; };
		5864C0712A7000D900611BD0 /* Preview Assets.xcassets in Resources */ = {isa = PBXBuildFile; fileRef = 5864C0702A7000D900611BD0 /* Preview Assets.xcassets */; };
		58D3B7F22B0F4E4F001C8FA7 /* Codec.swift in Sources */ = {isa = PBXBuildFile; fileRef = 58D3B7F12B0F4E4F001C8FA7 /* Codec.swift */; };
		58D3B7F42B0F4EEB001C8FA7 /* Resolution.swift in Sources */ = {isa = PBXBuildFile; fileRef = 58D3B7F32B0F4EEB001C8FA7 /* Resolution.swift */; };
		58D3B7F62B0F4F30001C8FA7 /* Brand_Camera.swift in Sources */ = {isa = PBXBuildFile; fileRef = 58D3B7F52B0F4F30001C8FA7 /* Brand_Camera.swift */; };
		58D3B7F82B0F4F82001C8FA7 /* Media.swift in Sources */ = {isa = PBXBuildFile; fileRef = 58D3B7F72B0F4F82001C8FA7 /* Media.swift */; };
		58ECDDF72B14D57C00B049BD /* Count.swift in Sources */ = {isa = PBXBuildFile; fileRef = 58ECDDF62B14D57C00B049BD /* Count.swift */; };
		58F4E8E92B2A084C00A36613 /* func_PanaResolution.swift in Sources */ = {isa = PBXBuildFile; fileRef = 58F4E8E82B2A084C00A36613 /* func_PanaResolution.swift */; };
		58F4E8EB2B2A089C00A36613 /* func_rates.swift in Sources */ = {isa = PBXBuildFile; fileRef = 58F4E8EA2B2A089C00A36613 /* func_rates.swift */; };
		58F4E8ED2B2A093B00A36613 /* func_xbit.swift in Sources */ = {isa = PBXBuildFile; fileRef = 58F4E8EC2B2A093B00A36613 /* func_xbit.swift */; };
		58F4E8EF2B2A0AAA00A36613 /* func_CanonMedia.swift in Sources */ = {isa = PBXBuildFile; fileRef = 58F4E8EE2B2A0AAA00A36613 /* func_CanonMedia.swift */; };
/* End PBXBuildFile section */

/* Begin PBXFileReference section */
		583519582B22160D00366A4D /* SonyCount.swift */ = {isa = PBXFileReference; lastKnownFileType = sourcecode.swift; path = SonyCount.swift; sourceTree = "<group>"; };
		5835195A2B2216D700366A4D /* CanonCount.swift */ = {isa = PBXFileReference; lastKnownFileType = sourcecode.swift; path = CanonCount.swift; sourceTree = "<group>"; };
		5835195C2B2217A200366A4D /* PanasonicCount.swift */ = {isa = PBXFileReference; lastKnownFileType = sourcecode.swift; path = PanasonicCount.swift; sourceTree = "<group>"; };
		583EE8322B2ACD3B007C0112 /* func_SonyMedia.swift */ = {isa = PBXFileReference; lastKnownFileType = sourcecode.swift; path = func_SonyMedia.swift; sourceTree = "<group>"; };
		5864C0662A7000D900611BD0 /* Taurus.app */ = {isa = PBXFileReference; explicitFileType = wrapper.application; includeInIndex = 0; path = Taurus.app; sourceTree = BUILT_PRODUCTS_DIR; };
		5864C0692A7000D900611BD0 /* TaurusApp.swift */ = {isa = PBXFileReference; lastKnownFileType = sourcecode.swift; path = TaurusApp.swift; sourceTree = "<group>"; };
		5864C06B2A7000D900611BD0 /* ContentView.swift */ = {isa = PBXFileReference; lastKnownFileType = sourcecode.swift; path = ContentView.swift; sourceTree = "<group>"; };
		5864C06D2A7000D900611BD0 /* Assets.xcassets */ = {isa = PBXFileReference; lastKnownFileType = folder.assetcatalog; path = Assets.xcassets; sourceTree = "<group>"; };
		5864C0702A7000D900611BD0 /* Preview Assets.xcassets */ = {isa = PBXFileReference; lastKnownFileType = folder.assetcatalog; path = "Preview Assets.xcassets"; sourceTree = "<group>"; };
		5864C0722A7000D900611BD0 /* Taurus.entitlements */ = {isa = PBXFileReference; lastKnownFileType = text.plist.entitlements; path = Taurus.entitlements; sourceTree = "<group>"; };
		58D3B7F12B0F4E4F001C8FA7 /* Codec.swift */ = {isa = PBXFileReference; lastKnownFileType = sourcecode.swift; path = Codec.swift; sourceTree = "<group>"; };
		58D3B7F32B0F4EEB001C8FA7 /* Resolution.swift */ = {isa = PBXFileReference; lastKnownFileType = sourcecode.swift; path = Resolution.swift; sourceTree = "<group>"; };
		58D3B7F52B0F4F30001C8FA7 /* Brand_Camera.swift */ = {isa = PBXFileReference; lastKnownFileType = sourcecode.swift; path = Brand_Camera.swift; sourceTree = "<group>"; };
		58D3B7F72B0F4F82001C8FA7 /* Media.swift */ = {isa = PBXFileReference; lastKnownFileType = sourcecode.swift; path = Media.swift; sourceTree = "<group>"; };
		58ECDDF62B14D57C00B049BD /* Count.swift */ = {isa = PBXFileReference; lastKnownFileType = sourcecode.swift; path = Count.swift; sourceTree = "<group>"; };
		58F4E8E82B2A084C00A36613 /* func_PanaResolution.swift */ = {isa = PBXFileReference; lastKnownFileType = sourcecode.swift; path = func_PanaResolution.swift; sourceTree = "<group>"; };
		58F4E8EA2B2A089C00A36613 /* func_rates.swift */ = {isa = PBXFileReference; lastKnownFileType = sourcecode.swift; path = func_rates.swift; sourceTree = "<group>"; };
		58F4E8EC2B2A093B00A36613 /* func_xbit.swift */ = {isa = PBXFileReference; lastKnownFileType = sourcecode.swift; path = func_xbit.swift; sourceTree = "<group>"; };
		58F4E8EE2B2A0AAA00A36613 /* func_CanonMedia.swift */ = {isa = PBXFileReference; lastKnownFileType = sourcecode.swift; path = func_CanonMedia.swift; sourceTree = "<group>"; };
/* End PBXFileReference section */

/* Begin PBXFrameworksBuildPhase section */
		5864C0632A7000D900611BD0 /* Frameworks */ = {
			isa = PBXFrameworksBuildPhase;
			buildActionMask = 2147483647;
			files = (
			);
			runOnlyForDeploymentPostprocessing = 0;
		};
/* End PBXFrameworksBuildPhase section */

/* Begin PBXGroup section */
		5864C05D2A7000D900611BD0 = {
			isa = PBXGroup;
			children = (
				5864C0682A7000D900611BD0 /* Taurus */,
				5864C0672A7000D900611BD0 /* Products */,
			);
			sourceTree = "<group>";
		};
		5864C0672A7000D900611BD0 /* Products */ = {
			isa = PBXGroup;
			children = (
				5864C0662A7000D900611BD0 /* Taurus.app */,
			);
			name = Products;
			sourceTree = "<group>";
		};
		5864C0682A7000D900611BD0 /* Taurus */ = {
			isa = PBXGroup;
			children = (
				5864C0692A7000D900611BD0 /* TaurusApp.swift */,
				5864C06B2A7000D900611BD0 /* ContentView.swift */,
				58ECDDF62B14D57C00B049BD /* Count.swift */,
				58D3B7F32B0F4EEB001C8FA7 /* Resolution.swift */,
				58D3B7F12B0F4E4F001C8FA7 /* Codec.swift */,
				58F4E8EC2B2A093B00A36613 /* func_xbit.swift */,
				58F4E8EA2B2A089C00A36613 /* func_rates.swift */,
				58D3B7F72B0F4F82001C8FA7 /* Media.swift */,
				58D3B7F52B0F4F30001C8FA7 /* Brand_Camera.swift */,
				58F4E8E82B2A084C00A36613 /* func_PanaResolution.swift */,
				5835195C2B2217A200366A4D /* PanasonicCount.swift */,
				5835195A2B2216D700366A4D /* CanonCount.swift */,
				583519582B22160D00366A4D /* SonyCount.swift */,
				58F4E8EE2B2A0AAA00A36613 /* func_CanonMedia.swift */,
				583EE8322B2ACD3B007C0112 /* func_SonyMedia.swift */,
				5864C06D2A7000D900611BD0 /* Assets.xcassets */,
				5864C0722A7000D900611BD0 /* Taurus.entitlements */,
				5864C06F2A7000D900611BD0 /* Preview Content */,
			);
			path = Taurus;
			sourceTree = "<group>";
		};
		5864C06F2A7000D900611BD0 /* Preview Content */ = {
			isa = PBXGroup;
			children = (
				5864C0702A7000D900611BD0 /* Preview Assets.xcassets */,
			);
			path = "Preview Content";
			sourceTree = "<group>";
		};
/* End PBXGroup section */

/* Begin PBXNativeTarget section */
		5864C0652A7000D900611BD0 /* Taurus */ = {
			isa = PBXNativeTarget;
			buildConfigurationList = 5864C0752A7000D900611BD0 /* Build configuration list for PBXNativeTarget "Taurus" */;
			buildPhases = (
				5864C0622A7000D900611BD0 /* Sources */,
				5864C0632A7000D900611BD0 /* Frameworks */,
				5864C0642A7000D900611BD0 /* Resources */,
			);
			buildRules = (
			);
			dependencies = (
			);
			name = Taurus;
			productName = Taurus;
			productReference = 5864C0662A7000D900611BD0 /* Taurus.app */;
			productType = "com.apple.product-type.application";
		};
/* End PBXNativeTarget section */

/* Begin PBXProject section */
		5864C05E2A7000D900611BD0 /* Project object */ = {
			isa = PBXProject;
			attributes = {
				BuildIndependentTargetsInParallel = 1;
				LastSwiftUpdateCheck = 1430;
				LastUpgradeCheck = 1430;
				TargetAttributes = {
					5864C0652A7000D900611BD0 = {
						CreatedOnToolsVersion = 14.3.1;
					};
				};
			};
			buildConfigurationList = 5864C0612A7000D900611BD0 /* Build configuration list for PBXProject "Taurus" */;
			compatibilityVersion = "Xcode 14.0";
			developmentRegion = en;
			hasScannedForEncodings = 0;
			knownRegions = (
				en,
				Base,
			);
			mainGroup = 5864C05D2A7000D900611BD0;
			productRefGroup = 5864C0672A7000D900611BD0 /* Products */;
			projectDirPath = "";
			projectRoot = "";
			targets = (
				5864C0652A7000D900611BD0 /* Taurus */,
			);
		};
/* End PBXProject section */

/* Begin PBXResourcesBuildPhase section */
		5864C0642A7000D900611BD0 /* Resources */ = {
			isa = PBXResourcesBuildPhase;
			buildActionMask = 2147483647;
			files = (
				5864C0712A7000D900611BD0 /* Preview Assets.xcassets in Resources */,
				5864C06E2A7000D900611BD0 /* Assets.xcassets in Resources */,
			);
			runOnlyForDeploymentPostprocessing = 0;
		};
/* End PBXResourcesBuildPhase section */

/* Begin PBXSourcesBuildPhase section */
		5864C0622A7000D900611BD0 /* Sources */ = {
			isa = PBXSourcesBuildPhase;
			buildActionMask = 2147483647;
			files = (
				58F4E8E92B2A084C00A36613 /* func_PanaResolution.swift in Sources */,
				58F4E8EB2B2A089C00A36613 /* func_rates.swift in Sources */,
				58D3B7F62B0F4F30001C8FA7 /* Brand_Camera.swift in Sources */,
				5835195B2B2216D700366A4D /* CanonCount.swift in Sources */,
				58F4E8EF2B2A0AAA00A36613 /* func_CanonMedia.swift in Sources */,
				58D3B7F22B0F4E4F001C8FA7 /* Codec.swift in Sources */,
				58D3B7F82B0F4F82001C8FA7 /* Media.swift in Sources */,
				5835195D2B2217A200366A4D /* PanasonicCount.swift in Sources */,
				583519592B22160D00366A4D /* SonyCount.swift in Sources */,
				5864C06C2A7000D900611BD0 /* ContentView.swift in Sources */,
				58ECDDF72B14D57C00B049BD /* Count.swift in Sources */,
				5864C06A2A7000D900611BD0 /* TaurusApp.swift in Sources */,
				58F4E8ED2B2A093B00A36613 /* func_xbit.swift in Sources */,
				58D3B7F42B0F4EEB001C8FA7 /* Resolution.swift in Sources */,
				583EE8332B2ACD3B007C0112 /* func_SonyMedia.swift in Sources */,
			);
			runOnlyForDeploymentPostprocessing = 0;
		};
/* End PBXSourcesBuildPhase section */

/* Begin XCBuildConfiguration section */
		5864C0732A7000D900611BD0 /* Debug */ = {
			isa = XCBuildConfiguration;
			buildSettings = {
				ALWAYS_SEARCH_USER_PATHS = NO;
				CLANG_ANALYZER_NONNULL = YES;
				CLANG_ANALYZER_NUMBER_OBJECT_CONVERSION = YES_AGGRESSIVE;
				CLANG_CXX_LANGUAGE_STANDARD = "gnu++20";
				CLANG_ENABLE_MODULES = YES;
				CLANG_ENABLE_OBJC_ARC = YES;
				CLANG_ENABLE_OBJC_WEAK = YES;
				CLANG_WARN_BLOCK_CAPTURE_AUTORELEASING = YES;
				CLANG_WARN_BOOL_CONVERSION = YES;
				CLANG_WARN_COMMA = YES;
				CLANG_WARN_CONSTANT_CONVERSION = YES;
				CLANG_WARN_DEPRECATED_OBJC_IMPLEMENTATIONS = YES;
				CLANG_WARN_DIRECT_OBJC_ISA_USAGE = YES_ERROR;
				CLANG_WARN_DOCUMENTATION_COMMENTS = YES;
				CLANG_WARN_EMPTY_BODY = YES;
				CLANG_WARN_ENUM_CONVERSION = YES;
				CLANG_WARN_INFINITE_RECURSION = YES;
				CLANG_WARN_INT_CONVERSION = YES;
				CLANG_WARN_NON_LITERAL_NULL_CONVERSION = YES;
				CLANG_WARN_OBJC_IMPLICIT_RETAIN_SELF = YES;
				CLANG_WARN_OBJC_LITERAL_CONVERSION = YES;
				CLANG_WARN_OBJC_ROOT_CLASS = YES_ERROR;
				CLANG_WARN_QUOTED_INCLUDE_IN_FRAMEWORK_HEADER = YES;
				CLANG_WARN_RANGE_LOOP_ANALYSIS = YES;
				CLANG_WARN_STRICT_PROTOTYPES = YES;
				CLANG_WARN_SUSPICIOUS_MOVE = YES;
				CLANG_WARN_UNGUARDED_AVAILABILITY = YES_AGGRESSIVE;
				CLANG_WARN_UNREACHABLE_CODE = YES;
				CLANG_WARN__DUPLICATE_METHOD_MATCH = YES;
				COPY_PHASE_STRIP = NO;
				DEBUG_INFORMATION_FORMAT = dwarf;
				ENABLE_STRICT_OBJC_MSGSEND = YES;
				ENABLE_TESTABILITY = YES;
				GCC_C_LANGUAGE_STANDARD = gnu11;
				GCC_DYNAMIC_NO_PIC = NO;
				GCC_NO_COMMON_BLOCKS = YES;
				GCC_OPTIMIZATION_LEVEL = 0;
				GCC_PREPROCESSOR_DEFINITIONS = (
					"DEBUG=1",
					"$(inherited)",
				);
				GCC_WARN_64_TO_32_BIT_CONVERSION = YES;
				GCC_WARN_ABOUT_RETURN_TYPE = YES_ERROR;
				GCC_WARN_UNDECLARED_SELECTOR = YES;
				GCC_WARN_UNINITIALIZED_AUTOS = YES_AGGRESSIVE;
				GCC_WARN_UNUSED_FUNCTION = YES;
				GCC_WARN_UNUSED_VARIABLE = YES;
				MACOSX_DEPLOYMENT_TARGET = 12.0;
				MTL_ENABLE_DEBUG_INFO = INCLUDE_SOURCE;
				MTL_FAST_MATH = YES;
				ONLY_ACTIVE_ARCH = YES;
				SDKROOT = macosx;
				SWIFT_ACTIVE_COMPILATION_CONDITIONS = DEBUG;
				SWIFT_OPTIMIZATION_LEVEL = "-Onone";
			};
			name = Debug;
		};
		5864C0742A7000D900611BD0 /* Release */ = {
			isa = XCBuildConfiguration;
			buildSettings = {
				ALWAYS_SEARCH_USER_PATHS = NO;
				CLANG_ANALYZER_NONNULL = YES;
				CLANG_ANALYZER_NUMBER_OBJECT_CONVERSION = YES_AGGRESSIVE;
				CLANG_CXX_LANGUAGE_STANDARD = "gnu++20";
				CLANG_ENABLE_MODULES = YES;
				CLANG_ENABLE_OBJC_ARC = YES;
				CLANG_ENABLE_OBJC_WEAK = YES;
				CLANG_WARN_BLOCK_CAPTURE_AUTORELEASING = YES;
				CLANG_WARN_BOOL_CONVERSION = YES;
				CLANG_WARN_COMMA = YES;
				CLANG_WARN_CONSTANT_CONVERSION = YES;
				CLANG_WARN_DEPRECATED_OBJC_IMPLEMENTATIONS = YES;
				CLANG_WARN_DIRECT_OBJC_ISA_USAGE = YES_ERROR;
				CLANG_WARN_DOCUMENTATION_COMMENTS = YES;
				CLANG_WARN_EMPTY_BODY = YES;
				CLANG_WARN_ENUM_CONVERSION = YES;
				CLANG_WARN_INFINITE_RECURSION = YES;
				CLANG_WARN_INT_CONVERSION = YES;
				CLANG_WARN_NON_LITERAL_NULL_CONVERSION = YES;
				CLANG_WARN_OBJC_IMPLICIT_RETAIN_SELF = YES;
				CLANG_WARN_OBJC_LITERAL_CONVERSION = YES;
				CLANG_WARN_OBJC_ROOT_CLASS = YES_ERROR;
				CLANG_WARN_QUOTED_INCLUDE_IN_FRAMEWORK_HEADER = YES;
				CLANG_WARN_RANGE_LOOP_ANALYSIS = YES;
				CLANG_WARN_STRICT_PROTOTYPES = YES;
				CLANG_WARN_SUSPICIOUS_MOVE = YES;
				CLANG_WARN_UNGUARDED_AVAILABILITY = YES_AGGRESSIVE;
				CLANG_WARN_UNREACHABLE_CODE = YES;
				CLANG_WARN__DUPLICATE_METHOD_MATCH = YES;
				COPY_PHASE_STRIP = NO;
				DEBUG_INFORMATION_FORMAT = "dwarf-with-dsym";
				ENABLE_NS_ASSERTIONS = NO;
				ENABLE_STRICT_OBJC_MSGSEND = YES;
				GCC_C_LANGUAGE_STANDARD = gnu11;
				GCC_NO_COMMON_BLOCKS = YES;
				GCC_WARN_64_TO_32_BIT_CONVERSION = YES;
				GCC_WARN_ABOUT_RETURN_TYPE = YES_ERROR;
				GCC_WARN_UNDECLARED_SELECTOR = YES;
				GCC_WARN_UNINITIALIZED_AUTOS = YES_AGGRESSIVE;
				GCC_WARN_UNUSED_FUNCTION = YES;
				GCC_WARN_UNUSED_VARIABLE = YES;
				MACOSX_DEPLOYMENT_TARGET = 12.0;
				MTL_ENABLE_DEBUG_INFO = NO;
				MTL_FAST_MATH = YES;
				SDKROOT = macosx;
				SWIFT_COMPILATION_MODE = wholemodule;
				SWIFT_OPTIMIZATION_LEVEL = "-O";
			};
			name = Release;
		};
		5864C0762A7000D900611BD0 /* Debug */ = {
			isa = XCBuildConfiguration;
			buildSettings = {
				ASSETCATALOG_COMPILER_APPICON_NAME = AppIcon;
				ASSETCATALOG_COMPILER_GLOBAL_ACCENT_COLOR_NAME = AccentColor;
				CODE_SIGN_ENTITLEMENTS = Taurus/Taurus.entitlements;
				CODE_SIGN_STYLE = Automatic;
				COMBINE_HIDPI_IMAGES = YES;
				CURRENT_PROJECT_VERSION = 7;
				DEVELOPMENT_ASSET_PATHS = "\"Taurus/Preview Content\"";
				ENABLE_PREVIEWS = YES;
				GENERATE_INFOPLIST_FILE = YES;
				INFOPLIST_KEY_CFBundleDisplayName = "Tauras V1.1.7";
				INFOPLIST_KEY_NSHumanReadableCopyright = "";
				LD_RUNPATH_SEARCH_PATHS = (
					"$(inherited)",
					"@executable_path/../Frameworks",
				);
				MACOSX_DEPLOYMENT_TARGET = 11.0;
				MARKETING_VERSION = 1.1;
				PRODUCT_BUNDLE_IDENTIFIER = lex.Taurus;
				PRODUCT_NAME = "$(TARGET_NAME)";
				SWIFT_EMIT_LOC_STRINGS = YES;
				SWIFT_VERSION = 5.0;
			};
			name = Debug;
		};
		5864C0772A7000D900611BD0 /* Release */ = {
			isa = XCBuildConfiguration;
			buildSettings = {
				ASSETCATALOG_COMPILER_APPICON_NAME = AppIcon;
				ASSETCATALOG_COMPILER_GLOBAL_ACCENT_COLOR_NAME = AccentColor;
				CODE_SIGN_ENTITLEMENTS = Taurus/Taurus.entitlements;
				CODE_SIGN_STYLE = Automatic;
				COMBINE_HIDPI_IMAGES = YES;
				CURRENT_PROJECT_VERSION = 7;
				DEVELOPMENT_ASSET_PATHS = "\"Taurus/Preview Content\"";
				ENABLE_PREVIEWS = YES;
				GENERATE_INFOPLIST_FILE = YES;
				INFOPLIST_KEY_CFBundleDisplayName = "Tauras V1.1.7";
				INFOPLIST_KEY_NSHumanReadableCopyright = "";
				LD_RUNPATH_SEARCH_PATHS = (
					"$(inherited)",
					"@executable_path/../Frameworks",
				);
				MACOSX_DEPLOYMENT_TARGET = 11.0;
				MARKETING_VERSION = 1.1;
				PRODUCT_BUNDLE_IDENTIFIER = lex.Taurus;
				PRODUCT_NAME = "$(TARGET_NAME)";
				SWIFT_EMIT_LOC_STRINGS = YES;
				SWIFT_VERSION = 5.0;
			};
			name = Release;
		};
/* End XCBuildConfiguration section */

/* Begin XCConfigurationList section */
		5864C0612A7000D900611BD0 /* Build configuration list for PBXProject "Taurus" */ = {
			isa = XCConfigurationList;
			buildConfigurations = (
				5864C0732A7000D900611BD0 /* Debug */,
				5864C0742A7000D900611BD0 /* Release */,
			);
			defaultConfigurationIsVisible = 0;
			defaultConfigurationName = Release;
		};
		5864C0752A7000D900611BD0 /* Build configuration list for PBXNativeTarget "Taurus" */ = {
			isa = XCConfigurationList;
			buildConfigurations = (
				5864C0762A7000D900611BD0 /* Debug */,
				5864C0772A7000D900611BD0 /* Release */,
			);
			defaultConfigurationIsVisible = 0;
			defaultConfigurationName = Release;
		};
/* End XCConfigurationList section */
	};
	rootObject = 5864C05E2A7000D900611BD0 /* Project object */;
}
