// !$*UTF8*$!
{
	archiveVersion = 1;
	classes = {
	};
	objectVersion = 56;
	objects = {

/* Begin PBXContainerItemProxy section */
		A10000012E2000010000000D /* PBXContainerItemProxy */ = {
			isa = PBXContainerItemProxy;
			containerPortal = 5864C05E2A7000D900611BD0 /* Project object */;
			proxyType = 1;
			remoteGlobalIDString = 5864C0652A7000D900611BD0;
			remoteInfo = Taurus;
		};
/* End PBXContainerItemProxy section */

/* Begin PBXBuildFile section */
		A10000012E20000100000002 /* ScreenshotExportTests.swift in Sources */ = {isa = PBXBuildFile; fileRef = A10000012E20000100000001 /* ScreenshotExportTests.swift */; };
		A10000012E2000010000000F /* CameraDataSelectionTests.swift in Sources */ = {isa = PBXBuildFile; fileRef = A10000012E2000010000000E /* CameraDataSelectionTests.swift */; };
		A10000012E20000100000011 /* PickerSelectionNormalizerTests.swift in Sources */ = {isa = PBXBuildFile; fileRef = A10000012E20000100000010 /* PickerSelectionNormalizerTests.swift */; };
		A10000012E20000100000013 /* CameraData.swift in Sources */ = {isa = PBXBuildFile; fileRef = A10000012E20000100000012 /* CameraData.swift */; };
		A10000012E20000100000015 /* PickerSelectionNormalizer.swift in Sources */ = {isa = PBXBuildFile; fileRef = A10000012E20000100000014 /* PickerSelectionNormalizer.swift */; };
		A10000012E20000100000017 /* RecordingCalculatorTests.swift in Sources */ = {isa = PBXBuildFile; fileRef = A10000012E20000100000016 /* RecordingCalculatorTests.swift */; };
		A20000012E21000100000002 /* CalculationEngineTests.swift in Sources */ = {isa = PBXBuildFile; fileRef = A20000012E21000100000001 /* CalculationEngineTests.swift */; };
		A20000012E21000100000004 /* CameraSelection.swift in Sources */ = {isa = PBXBuildFile; fileRef = A20000012E21000100000003 /* CameraSelection.swift */; };
		A20000012E21000100000006 /* RecordingMode.swift in Sources */ = {isa = PBXBuildFile; fileRef = A20000012E21000100000005 /* RecordingMode.swift */; };
		A20000012E21000100000008 /* CalculationEngine.swift in Sources */ = {isa = PBXBuildFile; fileRef = A20000012E21000100000007 /* CalculationEngine.swift */; };
		A20000012E2100010000000A /* ARRIRecordingCatalog.swift in Sources */ = {isa = PBXBuildFile; fileRef = A20000012E21000100000009 /* ARRIRecordingCatalog.swift */; };
		A10000012E20000100000019 /* RecordingMetrics.swift in Sources */ = {isa = PBXBuildFile; fileRef = A10000012E20000100000018 /* RecordingMetrics.swift */; };
		A10000012E2000010000001B /* RecordingCalculator.swift in Sources */ = {isa = PBXBuildFile; fileRef = A10000012E2000010000001A /* RecordingCalculator.swift */; };
		582EA03A2C155C8E001BD46A /* DjiMedia.swift in Sources */ = {isa = PBXBuildFile; fileRef = 582EA0392C155C8E001BD46A /* DjiMedia.swift */; };
		582EA03C2C15CEAD001BD46A /* CanonCinemaCount.swift in Sources */ = {isa = PBXBuildFile; fileRef = 582EA03B2C15CEAD001BD46A /* CanonCinemaCount.swift */; };
		582EA03E2C15CED1001BD46A /* CanonCinemaMedia.swift in Sources */ = {isa = PBXBuildFile; fileRef = 582EA03D2C15CED1001BD46A /* CanonCinemaMedia.swift */; };
		582EA0402C15D087001BD46A /* CanonCinemaRate.swift in Sources */ = {isa = PBXBuildFile; fileRef = 582EA03F2C15D087001BD46A /* CanonCinemaRate.swift */; };
		582EA0412E025501001BD46A /* AppleMedia.swift in Sources */ = {isa = PBXBuildFile; fileRef = 582EA0422E025501001BD46A /* AppleMedia.swift */; };
		582EA0432E100001001BD46A /* FujiFormat.swift in Sources */ = {isa = PBXBuildFile; fileRef = 582EA0442E100001001BD46A /* FujiFormat.swift */; };
		582EA0452E100001001BD46A /* FujiResolution.swift in Sources */ = {isa = PBXBuildFile; fileRef = 582EA0462E100001001BD46A /* FujiResolution.swift */; };
		582EA0472E100001001BD46A /* FujiRate.swift in Sources */ = {isa = PBXBuildFile; fileRef = 582EA0482E100001001BD46A /* FujiRate.swift */; };
		582EA0492E100001001BD46A /* FujiMedia.swift in Sources */ = {isa = PBXBuildFile; fileRef = 582EA04A2E100001001BD46A /* FujiMedia.swift */; };
		582EA04B2E100001001BD46A /* FujiCount.swift in Sources */ = {isa = PBXBuildFile; fileRef = 582EA04C2E100001001BD46A /* FujiCount.swift */; };
		583519592B22160D00366A4D /* SonyCount.swift in Sources */ = {isa = PBXBuildFile; fileRef = 583519582B22160D00366A4D /* SonyCount.swift */; };
		5835195B2B2216D700366A4D /* CanonCount.swift in Sources */ = {isa = PBXBuildFile; fileRef = 5835195A2B2216D700366A4D /* CanonCount.swift */; };
		5835195D2B2217A200366A4D /* PanaCount.swift in Sources */ = {isa = PBXBuildFile; fileRef = 5835195C2B2217A200366A4D /* PanaCount.swift */; };
		5839AA2E2BEDB9AB0025C74C /* DjiResolution.swift in Sources */ = {isa = PBXBuildFile; fileRef = 5839AA2D2BEDB9AB0025C74C /* DjiResolution.swift */; };
		5839AA302BEDB9DF0025C74C /* PanaResolution.swift in Sources */ = {isa = PBXBuildFile; fileRef = 5839AA2F2BEDB9DF0025C74C /* PanaResolution.swift */; };
		5839AA332BEDBA210025C74C /* PanaMedia.swift in Sources */ = {isa = PBXBuildFile; fileRef = 5839AA322BEDBA210025C74C /* PanaMedia.swift */; };
		5839AA352BEDBA370025C74C /* SonyMedia.swift in Sources */ = {isa = PBXBuildFile; fileRef = 5839AA342BEDBA370025C74C /* SonyMedia.swift */; };
		5839AA372BEDBA500025C74C /* CanonMedia.swift in Sources */ = {isa = PBXBuildFile; fileRef = 5839AA362BEDBA500025C74C /* CanonMedia.swift */; };
		5839AA3B2BEDBB230025C74C /* BMDCount.swift in Sources */ = {isa = PBXBuildFile; fileRef = 5839AA3A2BEDBB230025C74C /* BMDCount.swift */; };
		5839AA3E2BEDBECC0025C74C /* BMDRate.swift in Sources */ = {isa = PBXBuildFile; fileRef = 5839AA3D2BEDBECC0025C74C /* BMDRate.swift */; };
		5839AA402BEDC09D0025C74C /* AppleRate.swift in Sources */ = {isa = PBXBuildFile; fileRef = 5839AA3F2BEDC09D0025C74C /* AppleRate.swift */; };
		5839AA422BEDC4A90025C74C /* CinealtaRate.swift in Sources */ = {isa = PBXBuildFile; fileRef = 5839AA412BEDC4A90025C74C /* CinealtaRate.swift */; };
		5839AA442BEDC9B80025C74C /* DjiRate.swift in Sources */ = {isa = PBXBuildFile; fileRef = 5839AA432BEDC9B80025C74C /* DjiRate.swift */; };
		5839AA462BEDCC100025C74C /* DSMC3Rate.swift in Sources */ = {isa = PBXBuildFile; fileRef = 5839AA452BEDCC100025C74C /* DSMC3Rate.swift */; };
		5839AA482BEE49790025C74C /* CanonResolution.swift in Sources */ = {isa = PBXBuildFile; fileRef = 5839AA472BEE49790025C74C /* CanonResolution.swift */; };
		5839AA4A2BEE7C8F0025C74C /* SonyResolution.swift in Sources */ = {isa = PBXBuildFile; fileRef = 5839AA492BEE7C8F0025C74C /* SonyResolution.swift */; };
		5839AA4C2BEF00440025C74C /* ARRIResolution.swift in Sources */ = {isa = PBXBuildFile; fileRef = 5839AA4B2BEF00440025C74C /* ARRIResolution.swift */; };
		5839AA4E2BEF038E0025C74C /* REDResolution.swift in Sources */ = {isa = PBXBuildFile; fileRef = 5839AA4D2BEF038E0025C74C /* REDResolution.swift */; };
		5839AA502BEF041F0025C74C /* AppleResolution.swift in Sources */ = {isa = PBXBuildFile; fileRef = 5839AA4F2BEF041F0025C74C /* AppleResolution.swift */; };
		5839AA522BEF04B50025C74C /* BMDResolution.swift in Sources */ = {isa = PBXBuildFile; fileRef = 5839AA512BEF04B50025C74C /* BMDResolution.swift */; };
		58571C242D2A75ED0015EE29 /* Taurus_Log.txt in Resources */ = {isa = PBXBuildFile; fileRef = 58571C232D2A75ED0015EE29 /* Taurus_Log.txt */; };
		5864C06A2A7000D900611BD0 /* TaurusApp.swift in Sources */ = {isa = PBXBuildFile; fileRef = 5864C0692A7000D900611BD0 /* TaurusApp.swift */; };
		5864C06C2A7000D900611BD0 /* ContentView.swift in Sources */ = {isa = PBXBuildFile; fileRef = 5864C06B2A7000D900611BD0 /* ContentView.swift */; };
		5864C06E2A7000D900611BD0 /* Assets.xcassets in Resources */ = {isa = PBXBuildFile; fileRef = 5864C06D2A7000D900611BD0 /* Assets.xcassets */; };
		5864C0712A7000D900611BD0 /* Preview Assets.xcassets in Resources */ = {isa = PBXBuildFile; fileRef = 5864C0702A7000D900611BD0 /* Preview Assets.xcassets */; };
		587618DA2C11A055009FF3B4 /* CanonCinemaResolution.swift in Sources */ = {isa = PBXBuildFile; fileRef = 587618D92C11A055009FF3B4 /* CanonCinemaResolution.swift */; };
		588C39D52C31769D008DC656 /* GeneralRate.swift in Sources */ = {isa = PBXBuildFile; fileRef = 588C39D42C31769D008DC656 /* GeneralRate.swift */; };
		588C39D72C31788B008DC656 /* GeneralCount.swift in Sources */ = {isa = PBXBuildFile; fileRef = 588C39D62C31788B008DC656 /* GeneralCount.swift */; };
		588C39D92C318270008DC656 /* GeneralResolution.swift in Sources */ = {isa = PBXBuildFile; fileRef = 588C39D82C318270008DC656 /* GeneralResolution.swift */; };
		588C39DB2C31847A008DC656 /* GeneralMedia.swift in Sources */ = {isa = PBXBuildFile; fileRef = 588C39DA2C31847A008DC656 /* GeneralMedia.swift */; };
		58C9B8132C1A980000788819 /* PickerView.swift in Sources */ = {isa = PBXBuildFile; fileRef = 58C9B8122C1A980000788819 /* PickerView.swift */; };
		58D3B7F22B0F4E4F001C8FA7 /* Codec.swift in Sources */ = {isa = PBXBuildFile; fileRef = 58D3B7F12B0F4E4F001C8FA7 /* Codec.swift */; };
		58D3B7F62B0F4F30001C8FA7 /* Brand_Camera.swift in Sources */ = {isa = PBXBuildFile; fileRef = 58D3B7F52B0F4F30001C8FA7 /* Brand_Camera.swift */; };
		58D3B7F82B0F4F82001C8FA7 /* Media.swift in Sources */ = {isa = PBXBuildFile; fileRef = 58D3B7F72B0F4F82001C8FA7 /* Media.swift */; };
		58ECDDF72B14D57C00B049BD /* Count.swift in Sources */ = {isa = PBXBuildFile; fileRef = 58ECDDF62B14D57C00B049BD /* Count.swift */; };
		58F4E8E92B2A084C00A36613 /* PanaFormat.swift in Sources */ = {isa = PBXBuildFile; fileRef = 58F4E8E82B2A084C00A36613 /* PanaFormat.swift */; };
		58F4E8EB2B2A089C00A36613 /* ARRIRate.swift in Sources */ = {isa = PBXBuildFile; fileRef = 58F4E8EA2B2A089C00A36613 /* ARRIRate.swift */; };
		58F4E8ED2B2A093B00A36613 /* func_xbit.swift in Sources */ = {isa = PBXBuildFile; fileRef = 58F4E8EC2B2A093B00A36613 /* func_xbit.swift */; };
		58FE691A2BB1488B008ECC8D /* DataOutput.swift in Sources */ = {isa = PBXBuildFile; fileRef = 58FE69192BB1488B008ECC8D /* DataOutput.swift */; };
		58FE691C2BB14B44008ECC8D /* Comments.swift in Sources */ = {isa = PBXBuildFile; fileRef = 58FE691B2BB14B44008ECC8D /* Comments.swift */; };
		C0DEF0012E11000100000002 /* KinefinityFormat.swift in Sources */ = {isa = PBXBuildFile; fileRef = C0DEF0012E11000100000001 /* KinefinityFormat.swift */; };
		C0DEF0012E11000100000004 /* KinefinityResolution.swift in Sources */ = {isa = PBXBuildFile; fileRef = C0DEF0012E11000100000003 /* KinefinityResolution.swift */; };
		C0DEF0012E11000100000006 /* KinefinityRate.swift in Sources */ = {isa = PBXBuildFile; fileRef = C0DEF0012E11000100000005 /* KinefinityRate.swift */; };
		C0DEF0012E11000100000008 /* KinefinityCount.swift in Sources */ = {isa = PBXBuildFile; fileRef = C0DEF0012E11000100000007 /* KinefinityCount.swift */; };
		C0DEF0012E1100010000000A /* KinefinityMedia.swift in Sources */ = {isa = PBXBuildFile; fileRef = C0DEF0012E11000100000009 /* KinefinityMedia.swift */; };
		C0DEF0022E12000100000002 /* NikonResolution.swift in Sources */ = {isa = PBXBuildFile; fileRef = C0DEF0022E12000100000001 /* NikonResolution.swift */; };
		C0DEF0022E12000100000004 /* NikonCount.swift in Sources */ = {isa = PBXBuildFile; fileRef = C0DEF0022E12000100000003 /* NikonCount.swift */; };
		C0DEF0022E12000100000006 /* NikonMedia.swift in Sources */ = {isa = PBXBuildFile; fileRef = C0DEF0022E12000100000005 /* NikonMedia.swift */; };
		C0DEF0032E13000100000002 /* ScreenshotExport.swift in Sources */ = {isa = PBXBuildFile; fileRef = C0DEF0032E13000100000001 /* ScreenshotExport.swift */; };
		C0DEF0042E13000200000002 /* Localization.swift in Sources */ = {isa = PBXBuildFile; fileRef = C0DEF0042E13000200000001 /* Localization.swift */; };
/* End PBXBuildFile section */

/* Begin PBXFileReference section */
		A10000012E20000100000001 /* ScreenshotExportTests.swift */ = {isa = PBXFileReference; lastKnownFileType = sourcecode.swift; path = ScreenshotExportTests.swift; sourceTree = "<group>"; };
		A10000012E20000100000003 /* TaurusTests.xctest */ = {isa = PBXFileReference; explicitFileType = wrapper.cfbundle; includeInIndex = 0; path = TaurusTests.xctest; sourceTree = BUILT_PRODUCTS_DIR; };
		A10000012E2000010000000E /* CameraDataSelectionTests.swift */ = {isa = PBXFileReference; lastKnownFileType = sourcecode.swift; path = CameraDataSelectionTests.swift; sourceTree = "<group>"; };
		A10000012E20000100000010 /* PickerSelectionNormalizerTests.swift */ = {isa = PBXFileReference; lastKnownFileType = sourcecode.swift; path = PickerSelectionNormalizerTests.swift; sourceTree = "<group>"; };
		A10000012E20000100000012 /* CameraData.swift */ = {isa = PBXFileReference; lastKnownFileType = sourcecode.swift; path = CameraData.swift; sourceTree = "<group>"; };
		A10000012E20000100000014 /* PickerSelectionNormalizer.swift */ = {isa = PBXFileReference; lastKnownFileType = sourcecode.swift; path = PickerSelectionNormalizer.swift; sourceTree = "<group>"; };
		A10000012E20000100000016 /* RecordingCalculatorTests.swift */ = {isa = PBXFileReference; lastKnownFileType = sourcecode.swift; path = RecordingCalculatorTests.swift; sourceTree = "<group>"; };
		A20000012E21000100000001 /* CalculationEngineTests.swift */ = {isa = PBXFileReference; lastKnownFileType = sourcecode.swift; path = CalculationEngineTests.swift; sourceTree = "<group>"; };
		A20000012E21000100000003 /* CameraSelection.swift */ = {isa = PBXFileReference; lastKnownFileType = sourcecode.swift; path = CameraSelection.swift; sourceTree = "<group>"; };
		A20000012E21000100000005 /* RecordingMode.swift */ = {isa = PBXFileReference; lastKnownFileType = sourcecode.swift; path = RecordingMode.swift; sourceTree = "<group>"; };
		A20000012E21000100000007 /* CalculationEngine.swift */ = {isa = PBXFileReference; lastKnownFileType = sourcecode.swift; path = CalculationEngine.swift; sourceTree = "<group>"; };
		A20000012E21000100000009 /* ARRIRecordingCatalog.swift */ = {isa = PBXFileReference; lastKnownFileType = sourcecode.swift; path = ARRIRecordingCatalog.swift; sourceTree = "<group>"; };
		A10000012E20000100000018 /* RecordingMetrics.swift */ = {isa = PBXFileReference; lastKnownFileType = sourcecode.swift; path = RecordingMetrics.swift; sourceTree = "<group>"; };
		A10000012E2000010000001A /* RecordingCalculator.swift */ = {isa = PBXFileReference; lastKnownFileType = sourcecode.swift; path = RecordingCalculator.swift; sourceTree = "<group>"; };
		582EA0392C155C8E001BD46A /* DjiMedia.swift */ = {isa = PBXFileReference; lastKnownFileType = sourcecode.swift; path = DjiMedia.swift; sourceTree = "<group>"; };
		582EA03B2C15CEAD001BD46A /* CanonCinemaCount.swift */ = {isa = PBXFileReference; lastKnownFileType = sourcecode.swift; path = CanonCinemaCount.swift; sourceTree = "<group>"; };
		582EA03D2C15CED1001BD46A /* CanonCinemaMedia.swift */ = {isa = PBXFileReference; lastKnownFileType = sourcecode.swift; path = CanonCinemaMedia.swift; sourceTree = "<group>"; };
		582EA03F2C15D087001BD46A /* CanonCinemaRate.swift */ = {isa = PBXFileReference; lastKnownFileType = sourcecode.swift; path = CanonCinemaRate.swift; sourceTree = "<group>"; };
		582EA0422E025501001BD46A /* AppleMedia.swift */ = {isa = PBXFileReference; lastKnownFileType = sourcecode.swift; path = AppleMedia.swift; sourceTree = "<group>"; };
		582EA0442E100001001BD46A /* FujiFormat.swift */ = {isa = PBXFileReference; lastKnownFileType = sourcecode.swift; path = FujiFormat.swift; sourceTree = "<group>"; };
		582EA0462E100001001BD46A /* FujiResolution.swift */ = {isa = PBXFileReference; lastKnownFileType = sourcecode.swift; path = FujiResolution.swift; sourceTree = "<group>"; };
		582EA0482E100001001BD46A /* FujiRate.swift */ = {isa = PBXFileReference; lastKnownFileType = sourcecode.swift; path = FujiRate.swift; sourceTree = "<group>"; };
		582EA04A2E100001001BD46A /* FujiMedia.swift */ = {isa = PBXFileReference; lastKnownFileType = sourcecode.swift; path = FujiMedia.swift; sourceTree = "<group>"; };
		582EA04C2E100001001BD46A /* FujiCount.swift */ = {isa = PBXFileReference; lastKnownFileType = sourcecode.swift; path = FujiCount.swift; sourceTree = "<group>"; };
		583519582B22160D00366A4D /* SonyCount.swift */ = {isa = PBXFileReference; lastKnownFileType = sourcecode.swift; path = SonyCount.swift; sourceTree = "<group>"; };
		5835195A2B2216D700366A4D /* CanonCount.swift */ = {isa = PBXFileReference; lastKnownFileType = sourcecode.swift; path = CanonCount.swift; sourceTree = "<group>"; };
		5835195C2B2217A200366A4D /* PanaCount.swift */ = {isa = PBXFileReference; lastKnownFileType = sourcecode.swift; path = PanaCount.swift; sourceTree = "<group>"; };
		5839AA2D2BEDB9AB0025C74C /* DjiResolution.swift */ = {isa = PBXFileReference; lastKnownFileType = sourcecode.swift; path = DjiResolution.swift; sourceTree = "<group>"; };
		5839AA2F2BEDB9DF0025C74C /* PanaResolution.swift */ = {isa = PBXFileReference; lastKnownFileType = sourcecode.swift; path = PanaResolution.swift; sourceTree = "<group>"; };
		5839AA322BEDBA210025C74C /* PanaMedia.swift */ = {isa = PBXFileReference; lastKnownFileType = sourcecode.swift; path = PanaMedia.swift; sourceTree = "<group>"; };
		5839AA342BEDBA370025C74C /* SonyMedia.swift */ = {isa = PBXFileReference; lastKnownFileType = sourcecode.swift; path = SonyMedia.swift; sourceTree = "<group>"; };
		5839AA362BEDBA500025C74C /* CanonMedia.swift */ = {isa = PBXFileReference; lastKnownFileType = sourcecode.swift; path = CanonMedia.swift; sourceTree = "<group>"; };
		5839AA3A2BEDBB230025C74C /* BMDCount.swift */ = {isa = PBXFileReference; lastKnownFileType = sourcecode.swift; path = BMDCount.swift; sourceTree = "<group>"; };
		5839AA3D2BEDBECC0025C74C /* BMDRate.swift */ = {isa = PBXFileReference; lastKnownFileType = sourcecode.swift; path = BMDRate.swift; sourceTree = "<group>"; };
		5839AA3F2BEDC09D0025C74C /* AppleRate.swift */ = {isa = PBXFileReference; lastKnownFileType = sourcecode.swift; path = AppleRate.swift; sourceTree = "<group>"; };
		5839AA412BEDC4A90025C74C /* CinealtaRate.swift */ = {isa = PBXFileReference; lastKnownFileType = sourcecode.swift; path = CinealtaRate.swift; sourceTree = "<group>"; };
		5839AA432BEDC9B80025C74C /* DjiRate.swift */ = {isa = PBXFileReference; lastKnownFileType = sourcecode.swift; path = DjiRate.swift; sourceTree = "<group>"; };
		5839AA452BEDCC100025C74C /* DSMC3Rate.swift */ = {isa = PBXFileReference; lastKnownFileType = sourcecode.swift; path = DSMC3Rate.swift; sourceTree = "<group>"; };
		5839AA472BEE49790025C74C /* CanonResolution.swift */ = {isa = PBXFileReference; lastKnownFileType = sourcecode.swift; path = CanonResolution.swift; sourceTree = "<group>"; };
		5839AA492BEE7C8F0025C74C /* SonyResolution.swift */ = {isa = PBXFileReference; lastKnownFileType = sourcecode.swift; path = SonyResolution.swift; sourceTree = "<group>"; };
		5839AA4B2BEF00440025C74C /* ARRIResolution.swift */ = {isa = PBXFileReference; lastKnownFileType = sourcecode.swift; path = ARRIResolution.swift; sourceTree = "<group>"; };
		5839AA4D2BEF038E0025C74C /* REDResolution.swift */ = {isa = PBXFileReference; lastKnownFileType = sourcecode.swift; path = REDResolution.swift; sourceTree = "<group>"; };
		5839AA4F2BEF041F0025C74C /* AppleResolution.swift */ = {isa = PBXFileReference; lastKnownFileType = sourcecode.swift; path = AppleResolution.swift; sourceTree = "<group>"; };
		5839AA512BEF04B50025C74C /* BMDResolution.swift */ = {isa = PBXFileReference; lastKnownFileType = sourcecode.swift; path = BMDResolution.swift; sourceTree = "<group>"; };
		58571C232D2A75ED0015EE29 /* Taurus_Log.txt */ = {isa = PBXFileReference; lastKnownFileType = text; path = Taurus_Log.txt; sourceTree = "<group>"; };
		5864C0662A7000D900611BD0 /* Taurus.app */ = {isa = PBXFileReference; explicitFileType = wrapper.application; includeInIndex = 0; path = Taurus.app; sourceTree = BUILT_PRODUCTS_DIR; };
		5864C0692A7000D900611BD0 /* TaurusApp.swift */ = {isa = PBXFileReference; lastKnownFileType = sourcecode.swift; path = TaurusApp.swift; sourceTree = "<group>"; };
		5864C06B2A7000D900611BD0 /* ContentView.swift */ = {isa = PBXFileReference; lastKnownFileType = sourcecode.swift; path = ContentView.swift; sourceTree = "<group>"; };
		5864C06D2A7000D900611BD0 /* Assets.xcassets */ = {isa = PBXFileReference; lastKnownFileType = folder.assetcatalog; path = Assets.xcassets; sourceTree = "<group>"; };
		5864C0702A7000D900611BD0 /* Preview Assets.xcassets */ = {isa = PBXFileReference; lastKnownFileType = folder.assetcatalog; path = "Preview Assets.xcassets"; sourceTree = "<group>"; };
		5864C0722A7000D900611BD0 /* Taurus.entitlements */ = {isa = PBXFileReference; lastKnownFileType = text.plist.entitlements; path = Taurus.entitlements; sourceTree = "<group>"; };
		587618D92C11A055009FF3B4 /* CanonCinemaResolution.swift */ = {isa = PBXFileReference; lastKnownFileType = sourcecode.swift; path = CanonCinemaResolution.swift; sourceTree = "<group>"; };
		588C39D42C31769D008DC656 /* GeneralRate.swift */ = {isa = PBXFileReference; lastKnownFileType = sourcecode.swift; path = GeneralRate.swift; sourceTree = "<group>"; };
		588C39D62C31788B008DC656 /* GeneralCount.swift */ = {isa = PBXFileReference; lastKnownFileType = sourcecode.swift; path = GeneralCount.swift; sourceTree = "<group>"; };
		588C39D82C318270008DC656 /* GeneralResolution.swift */ = {isa = PBXFileReference; lastKnownFileType = sourcecode.swift; path = GeneralResolution.swift; sourceTree = "<group>"; };
		588C39DA2C31847A008DC656 /* GeneralMedia.swift */ = {isa = PBXFileReference; lastKnownFileType = sourcecode.swift; path = GeneralMedia.swift; sourceTree = "<group>"; };
		58C9B8122C1A980000788819 /* PickerView.swift */ = {isa = PBXFileReference; lastKnownFileType = sourcecode.swift; path = PickerView.swift; sourceTree = "<group>"; };
		58D3B7F12B0F4E4F001C8FA7 /* Codec.swift */ = {isa = PBXFileReference; lastKnownFileType = sourcecode.swift; path = Codec.swift; sourceTree = "<group>"; };
		58D3B7F52B0F4F30001C8FA7 /* Brand_Camera.swift */ = {isa = PBXFileReference; lastKnownFileType = sourcecode.swift; path = Brand_Camera.swift; sourceTree = "<group>"; };
		58D3B7F72B0F4F82001C8FA7 /* Media.swift */ = {isa = PBXFileReference; lastKnownFileType = sourcecode.swift; path = Media.swift; sourceTree = "<group>"; };
		58ECDDF62B14D57C00B049BD /* Count.swift */ = {isa = PBXFileReference; lastKnownFileType = sourcecode.swift; path = Count.swift; sourceTree = "<group>"; };
		58F4E8E82B2A084C00A36613 /* PanaFormat.swift */ = {isa = PBXFileReference; lastKnownFileType = sourcecode.swift; path = PanaFormat.swift; sourceTree = "<group>"; };
		58F4E8EA2B2A089C00A36613 /* ARRIRate.swift */ = {isa = PBXFileReference; lastKnownFileType = sourcecode.swift; path = ARRIRate.swift; sourceTree = "<group>"; };
		58F4E8EC2B2A093B00A36613 /* func_xbit.swift */ = {isa = PBXFileReference; lastKnownFileType = sourcecode.swift; path = func_xbit.swift; sourceTree = "<group>"; };
		58FE69192BB1488B008ECC8D /* DataOutput.swift */ = {isa = PBXFileReference; lastKnownFileType = sourcecode.swift; path = DataOutput.swift; sourceTree = "<group>"; };
		58FE691B2BB14B44008ECC8D /* Comments.swift */ = {isa = PBXFileReference; lastKnownFileType = sourcecode.swift; path = Comments.swift; sourceTree = "<group>"; };
		C0DEF0012E11000100000001 /* KinefinityFormat.swift */ = {isa = PBXFileReference; lastKnownFileType = sourcecode.swift; path = KinefinityFormat.swift; sourceTree = "<group>"; };
		C0DEF0012E11000100000003 /* KinefinityResolution.swift */ = {isa = PBXFileReference; lastKnownFileType = sourcecode.swift; path = KinefinityResolution.swift; sourceTree = "<group>"; };
		C0DEF0012E11000100000005 /* KinefinityRate.swift */ = {isa = PBXFileReference; lastKnownFileType = sourcecode.swift; path = KinefinityRate.swift; sourceTree = "<group>"; };
		C0DEF0012E11000100000007 /* KinefinityCount.swift */ = {isa = PBXFileReference; lastKnownFileType = sourcecode.swift; path = KinefinityCount.swift; sourceTree = "<group>"; };
		C0DEF0012E11000100000009 /* KinefinityMedia.swift */ = {isa = PBXFileReference; lastKnownFileType = sourcecode.swift; path = KinefinityMedia.swift; sourceTree = "<group>"; };
		C0DEF0022E12000100000001 /* NikonResolution.swift */ = {isa = PBXFileReference; lastKnownFileType = sourcecode.swift; path = NikonResolution.swift; sourceTree = "<group>"; };
		C0DEF0022E12000100000003 /* NikonCount.swift */ = {isa = PBXFileReference; lastKnownFileType = sourcecode.swift; path = NikonCount.swift; sourceTree = "<group>"; };
		C0DEF0022E12000100000005 /* NikonMedia.swift */ = {isa = PBXFileReference; lastKnownFileType = sourcecode.swift; path = NikonMedia.swift; sourceTree = "<group>"; };
		C0DEF0032E13000100000001 /* ScreenshotExport.swift */ = {isa = PBXFileReference; lastKnownFileType = sourcecode.swift; path = ScreenshotExport.swift; sourceTree = "<group>"; };
		C0DEF0042E13000200000001 /* Localization.swift */ = {isa = PBXFileReference; lastKnownFileType = sourcecode.swift; path = Localization.swift; sourceTree = "<group>"; };
/* End PBXFileReference section */

/* Begin PBXFrameworksBuildPhase section */
		A10000012E20000100000006 /* Frameworks */ = {
			isa = PBXFrameworksBuildPhase;
			buildActionMask = 2147483647;
			files = (
			);
			runOnlyForDeploymentPostprocessing = 0;
		};
		5864C0632A7000D900611BD0 /* Frameworks */ = {
			isa = PBXFrameworksBuildPhase;
			buildActionMask = 2147483647;
			files = (
			);
			runOnlyForDeploymentPostprocessing = 0;
		};
/* End PBXFrameworksBuildPhase section */

/* Begin PBXGroup section */
		5839AA2C2BEDB99D0025C74C /* Resolution */ = {
			isa = PBXGroup;
			children = (
				5839AA2D2BEDB9AB0025C74C /* DjiResolution.swift */,
				5839AA2F2BEDB9DF0025C74C /* PanaResolution.swift */,
				582EA0462E100001001BD46A /* FujiResolution.swift */,
				5839AA472BEE49790025C74C /* CanonResolution.swift */,
				5839AA492BEE7C8F0025C74C /* SonyResolution.swift */,
				5839AA4B2BEF00440025C74C /* ARRIResolution.swift */,
				5839AA4D2BEF038E0025C74C /* REDResolution.swift */,
				5839AA4F2BEF041F0025C74C /* AppleResolution.swift */,
				5839AA512BEF04B50025C74C /* BMDResolution.swift */,
				587618D92C11A055009FF3B4 /* CanonCinemaResolution.swift */,
				C0DEF0012E11000100000003 /* KinefinityResolution.swift */,
				C0DEF0022E12000100000001 /* NikonResolution.swift */,
				588C39D82C318270008DC656 /* GeneralResolution.swift */,
			);
			path = Resolution;
			sourceTree = "<group>";
		};
		5839AA312BEDBA140025C74C /* Media */ = {
			isa = PBXGroup;
			children = (
				5839AA322BEDBA210025C74C /* PanaMedia.swift */,
				588C39DA2C31847A008DC656 /* GeneralMedia.swift */,
				5839AA342BEDBA370025C74C /* SonyMedia.swift */,
				5839AA362BEDBA500025C74C /* CanonMedia.swift */,
				582EA0392C155C8E001BD46A /* DjiMedia.swift */,
				582EA0422E025501001BD46A /* AppleMedia.swift */,
				582EA04A2E100001001BD46A /* FujiMedia.swift */,
				582EA03D2C15CED1001BD46A /* CanonCinemaMedia.swift */,
				C0DEF0012E11000100000009 /* KinefinityMedia.swift */,
				C0DEF0022E12000100000005 /* NikonMedia.swift */,
			);
			path = Media;
			sourceTree = "<group>";
		};
		5839AA382BEDBA8A0025C74C /* Count */ = {
			isa = PBXGroup;
			children = (
				5835195A2B2216D700366A4D /* CanonCount.swift */,
				588C39D62C31788B008DC656 /* GeneralCount.swift */,
				5835195C2B2217A200366A4D /* PanaCount.swift */,
				583519582B22160D00366A4D /* SonyCount.swift */,
				5839AA3A2BEDBB230025C74C /* BMDCount.swift */,
				582EA04C2E100001001BD46A /* FujiCount.swift */,
				582EA03B2C15CEAD001BD46A /* CanonCinemaCount.swift */,
				C0DEF0012E11000100000007 /* KinefinityCount.swift */,
				C0DEF0022E12000100000003 /* NikonCount.swift */,
			);
			path = Count;
			sourceTree = "<group>";
		};
		5839AA392BEDBAAB0025C74C /* Format */ = {
			isa = PBXGroup;
			children = (
				58F4E8E82B2A084C00A36613 /* PanaFormat.swift */,
				582EA0442E100001001BD46A /* FujiFormat.swift */,
				C0DEF0012E11000100000001 /* KinefinityFormat.swift */,
			);
			path = Format;
			sourceTree = "<group>";
		};
		5839AA3C2BEDBEB30025C74C /* Rate */ = {
			isa = PBXGroup;
			children = (
				58F4E8EA2B2A089C00A36613 /* ARRIRate.swift */,
				588C39D42C31769D008DC656 /* GeneralRate.swift */,
				5839AA3F2BEDC09D0025C74C /* AppleRate.swift */,
				5839AA412BEDC4A90025C74C /* CinealtaRate.swift */,
				5839AA432BEDC9B80025C74C /* DjiRate.swift */,
				5839AA452BEDCC100025C74C /* DSMC3Rate.swift */,
				5839AA3D2BEDBECC0025C74C /* BMDRate.swift */,
				582EA0482E100001001BD46A /* FujiRate.swift */,
				582EA03F2C15D087001BD46A /* CanonCinemaRate.swift */,
				C0DEF0012E11000100000005 /* KinefinityRate.swift */,
			);
			path = Rate;
			sourceTree = "<group>";
		};
		5864C05D2A7000D900611BD0 = {
			isa = PBXGroup;
			children = (
				5864C0682A7000D900611BD0 /* Taurus */,
				A10000012E20000100000004 /* TaurusTests */,
				5864C0672A7000D900611BD0 /* Products */,
			);
			sourceTree = "<group>";
		};
		5864C0672A7000D900611BD0 /* Products */ = {
			isa = PBXGroup;
			children = (
				5864C0662A7000D900611BD0 /* Taurus.app */,
				A10000012E20000100000003 /* TaurusTests.xctest */,
			);
			name = Products;
			sourceTree = "<group>";
		};
		5864C0682A7000D900611BD0 /* Taurus */ = {
			isa = PBXGroup;
			children = (
				58571C232D2A75ED0015EE29 /* Taurus_Log.txt */,
				5864C0692A7000D900611BD0 /* TaurusApp.swift */,
				A10000012E20000100000012 /* CameraData.swift */,
				5864C06B2A7000D900611BD0 /* ContentView.swift */,
				C0DEF0032E13000100000001 /* ScreenshotExport.swift */,
				C0DEF0042E13000200000001 /* Localization.swift */,
				A10000012E20000100000014 /* PickerSelectionNormalizer.swift */,
				A10000012E2000010000001C /* Calculation */,
				58C9B8122C1A980000788819 /* PickerView.swift */,
				58D3B7F52B0F4F30001C8FA7 /* Brand_Camera.swift */,
				58D3B7F12B0F4E4F001C8FA7 /* Codec.swift */,
				58D3B7F72B0F4F82001C8FA7 /* Media.swift */,
				58ECDDF62B14D57C00B049BD /* Count.swift */,
				58FE69192BB1488B008ECC8D /* DataOutput.swift */,
				58FE691B2BB14B44008ECC8D /* Comments.swift */,
				58F4E8EC2B2A093B00A36613 /* func_xbit.swift */,
				5839AA2C2BEDB99D0025C74C /* Resolution */,
				5839AA312BEDBA140025C74C /* Media */,
				5839AA3C2BEDBEB30025C74C /* Rate */,
				5839AA382BEDBA8A0025C74C /* Count */,
				5839AA392BEDBAAB0025C74C /* Format */,
				5864C06D2A7000D900611BD0 /* Assets.xcassets */,
				5864C0722A7000D900611BD0 /* Taurus.entitlements */,
				5864C06F2A7000D900611BD0 /* Preview Content */,
			);
			path = Taurus;
			sourceTree = "<group>";
		};
		A10000012E2000010000001C /* Calculation */ = {
			isa = PBXGroup;
			children = (
				A20000012E21000100000009 /* ARRIRecordingCatalog.swift */,
				A20000012E21000100000003 /* CameraSelection.swift */,
				A20000012E21000100000005 /* RecordingMode.swift */,
				A20000012E21000100000007 /* CalculationEngine.swift */,
				A10000012E20000100000018 /* RecordingMetrics.swift */,
				A10000012E2000010000001A /* RecordingCalculator.swift */,
			);
			path = Calculation;
			sourceTree = "<group>";
		};
		A10000012E20000100000004 /* TaurusTests */ = {
			isa = PBXGroup;
			children = (
				A10000012E20000100000001 /* ScreenshotExportTests.swift */,
				A10000012E2000010000000E /* CameraDataSelectionTests.swift */,
				A10000012E20000100000010 /* PickerSelectionNormalizerTests.swift */,
				A10000012E20000100000016 /* RecordingCalculatorTests.swift */,
				A20000012E21000100000001 /* CalculationEngineTests.swift */,
			);
			path = TaurusTests;
			sourceTree = "<group>";
		};
		5864C06F2A7000D900611BD0 /* Preview Content */ = {
			isa = PBXGroup;
			children = (
				5864C0702A7000D900611BD0 /* Preview Assets.xcassets */,
			);
			path = "Preview Content";
			sourceTree = "<group>";
		};
/* End PBXGroup section */

/* Begin PBXNativeTarget section */
		A10000012E20000100000008 /* TaurusTests */ = {
			isa = PBXNativeTarget;
			buildConfigurationList = A10000012E2000010000000B /* Build configuration list for PBXNativeTarget "TaurusTests" */;
			buildPhases = (
				A10000012E20000100000005 /* Sources */,
				A10000012E20000100000006 /* Frameworks */,
				A10000012E20000100000007 /* Resources */,
			);
			buildRules = (
			);
			dependencies = (
				A10000012E2000010000000C /* PBXTargetDependency */,
			);
			name = TaurusTests;
			productName = TaurusTests;
			productReference = A10000012E20000100000003 /* TaurusTests.xctest */;
			productType = "com.apple.product-type.bundle.unit-test";
		};
		5864C0652A7000D900611BD0 /* Taurus */ = {
			isa = PBXNativeTarget;
			buildConfigurationList = 5864C0752A7000D900611BD0 /* Build configuration list for PBXNativeTarget "Taurus" */;
			buildPhases = (
				5864C0622A7000D900611BD0 /* Sources */,
				5864C0632A7000D900611BD0 /* Frameworks */,
				5864C0642A7000D900611BD0 /* Resources */,
			);
			buildRules = (
			);
			dependencies = (
			);
			name = Taurus;
			productName = Taurus;
			productReference = 5864C0662A7000D900611BD0 /* Taurus.app */;
			productType = "com.apple.product-type.application";
		};
/* End PBXNativeTarget section */

/* Begin PBXProject section */
		5864C05E2A7000D900611BD0 /* Project object */ = {
			isa = PBXProject;
			attributes = {
				BuildIndependentTargetsInParallel = 1;
				LastSwiftUpdateCheck = 1430;
				LastUpgradeCheck = 2650;
				TargetAttributes = {
					A10000012E20000100000008 = {
						CreatedOnToolsVersion = 26.0;
						TestTargetID = 5864C0652A7000D900611BD0;
					};
					5864C0652A7000D900611BD0 = {
						CreatedOnToolsVersion = 14.3.1;
					};
				};
			};
			buildConfigurationList = 5864C0612A7000D900611BD0 /* Build configuration list for PBXProject "Taurus" */;
			compatibilityVersion = "Xcode 14.0";
			developmentRegion = en;
			hasScannedForEncodings = 0;
			knownRegions = (
				en,
				Base,
			);
			mainGroup = 5864C05D2A7000D900611BD0;
			productRefGroup = 5864C0672A7000D900611BD0 /* Products */;
			projectDirPath = "";
			projectRoot = "";
			targets = (
				5864C0652A7000D900611BD0 /* Taurus */,
				A10000012E20000100000008 /* TaurusTests */,
			);
		};
/* End PBXProject section */

/* Begin PBXResourcesBuildPhase section */
		A10000012E20000100000007 /* Resources */ = {
			isa = PBXResourcesBuildPhase;
			buildActionMask = 2147483647;
			files = (
			);
			runOnlyForDeploymentPostprocessing = 0;
		};
		5864C0642A7000D900611BD0 /* Resources */ = {
			isa = PBXResourcesBuildPhase;
			buildActionMask = 2147483647;
			files = (
				5864C0712A7000D900611BD0 /* Preview Assets.xcassets in Resources */,
				5864C06E2A7000D900611BD0 /* Assets.xcassets in Resources */,
				58571C242D2A75ED0015EE29 /* Taurus_Log.txt in Resources */,
			);
			runOnlyForDeploymentPostprocessing = 0;
		};
/* End PBXResourcesBuildPhase section */

/* Begin PBXSourcesBuildPhase section */
		A10000012E20000100000005 /* Sources */ = {
			isa = PBXSourcesBuildPhase;
			buildActionMask = 2147483647;
			files = (
				A10000012E20000100000002 /* ScreenshotExportTests.swift in Sources */,
				A10000012E2000010000000F /* CameraDataSelectionTests.swift in Sources */,
				A10000012E20000100000011 /* PickerSelectionNormalizerTests.swift in Sources */,
				A10000012E20000100000017 /* RecordingCalculatorTests.swift in Sources */,
				A20000012E21000100000002 /* CalculationEngineTests.swift in Sources */,
			);
			runOnlyForDeploymentPostprocessing = 0;
		};
		5864C0622A7000D900611BD0 /* Sources */ = {
			isa = PBXSourcesBuildPhase;
			buildActionMask = 2147483647;
			files = (
				A10000012E20000100000013 /* CameraData.swift in Sources */,
				A10000012E20000100000015 /* PickerSelectionNormalizer.swift in Sources */,
				A10000012E20000100000019 /* RecordingMetrics.swift in Sources */,
				A10000012E2000010000001B /* RecordingCalculator.swift in Sources */,
				A20000012E21000100000004 /* CameraSelection.swift in Sources */,
				A20000012E21000100000006 /* RecordingMode.swift in Sources */,
				A20000012E21000100000008 /* CalculationEngine.swift in Sources */,
				A20000012E2100010000000A /* ARRIRecordingCatalog.swift in Sources */,
				5839AA462BEDCC100025C74C /* DSMC3Rate.swift in Sources */,
				58F4E8E92B2A084C00A36613 /* PanaFormat.swift in Sources */,
				582EA0432E100001001BD46A /* FujiFormat.swift in Sources */,
				58F4E8EB2B2A089C00A36613 /* ARRIRate.swift in Sources */,
				5839AA442BEDC9B80025C74C /* DjiRate.swift in Sources */,
				582EA0472E100001001BD46A /* FujiRate.swift in Sources */,
				58D3B7F62B0F4F30001C8FA7 /* Brand_Camera.swift in Sources */,
				5839AA4C2BEF00440025C74C /* ARRIResolution.swift in Sources */,
				582EA03A2C155C8E001BD46A /* DjiMedia.swift in Sources */,
				587618DA2C11A055009FF3B4 /* CanonCinemaResolution.swift in Sources */,
				5835195B2B2216D700366A4D /* CanonCount.swift in Sources */,
				5839AA352BEDBA370025C74C /* SonyMedia.swift in Sources */,
				582EA0412E025501001BD46A /* AppleMedia.swift in Sources */,
				582EA0492E100001001BD46A /* FujiMedia.swift in Sources */,
				58FE691A2BB1488B008ECC8D /* DataOutput.swift in Sources */,
				58D3B7F22B0F4E4F001C8FA7 /* Codec.swift in Sources */,
				C0DEF0012E11000100000002 /* KinefinityFormat.swift in Sources */,
				C0DEF0012E11000100000004 /* KinefinityResolution.swift in Sources */,
				C0DEF0012E11000100000006 /* KinefinityRate.swift in Sources */,
				C0DEF0012E11000100000008 /* KinefinityCount.swift in Sources */,
				C0DEF0012E1100010000000A /* KinefinityMedia.swift in Sources */,
				C0DEF0022E12000100000002 /* NikonResolution.swift in Sources */,
				C0DEF0022E12000100000004 /* NikonCount.swift in Sources */,
				C0DEF0022E12000100000006 /* NikonMedia.swift in Sources */,
				C0DEF0032E13000100000002 /* ScreenshotExport.swift in Sources */,
				C0DEF0042E13000200000002 /* Localization.swift in Sources */,
				588C39D92C318270008DC656 /* GeneralResolution.swift in Sources */,
				582EA0402C15D087001BD46A /* CanonCinemaRate.swift in Sources */,
				5839AA3E2BEDBECC0025C74C /* BMDRate.swift in Sources */,
				582EA03E2C15CED1001BD46A /* CanonCinemaMedia.swift in Sources */,
				5839AA502BEF041F0025C74C /* AppleResolution.swift in Sources */,
				58D3B7F82B0F4F82001C8FA7 /* Media.swift in Sources */,
				5835195D2B2217A200366A4D /* PanaCount.swift in Sources */,
				5839AA4A2BEE7C8F0025C74C /* SonyResolution.swift in Sources */,
				582EA0452E100001001BD46A /* FujiResolution.swift in Sources */,
				5839AA482BEE49790025C74C /* CanonResolution.swift in Sources */,
				583519592B22160D00366A4D /* SonyCount.swift in Sources */,
				5839AA2E2BEDB9AB0025C74C /* DjiResolution.swift in Sources */,
				582EA03C2C15CEAD001BD46A /* CanonCinemaCount.swift in Sources */,
				588C39DB2C31847A008DC656 /* GeneralMedia.swift in Sources */,
				5839AA3B2BEDBB230025C74C /* BMDCount.swift in Sources */,
				582EA04B2E100001001BD46A /* FujiCount.swift in Sources */,
				5839AA332BEDBA210025C74C /* PanaMedia.swift in Sources */,
				5864C06C2A7000D900611BD0 /* ContentView.swift in Sources */,
				5839AA522BEF04B50025C74C /* BMDResolution.swift in Sources */,
				58ECDDF72B14D57C00B049BD /* Count.swift in Sources */,
				5839AA372BEDBA500025C74C /* CanonMedia.swift in Sources */,
				5839AA302BEDB9DF0025C74C /* PanaResolution.swift in Sources */,
				5839AA402BEDC09D0025C74C /* AppleRate.swift in Sources */,
				58FE691C2BB14B44008ECC8D /* Comments.swift in Sources */,
				5864C06A2A7000D900611BD0 /* TaurusApp.swift in Sources */,
				58F4E8ED2B2A093B00A36613 /* func_xbit.swift in Sources */,
				5839AA422BEDC4A90025C74C /* CinealtaRate.swift in Sources */,
				588C39D72C31788B008DC656 /* GeneralCount.swift in Sources */,
				5839AA4E2BEF038E0025C74C /* REDResolution.swift in Sources */,
				588C39D52C31769D008DC656 /* GeneralRate.swift in Sources */,
				58C9B8132C1A980000788819 /* PickerView.swift in Sources */,
			);
			runOnlyForDeploymentPostprocessing = 0;
		};
/* End PBXSourcesBuildPhase section */

/* Begin PBXTargetDependency section */
		A10000012E2000010000000C /* PBXTargetDependency */ = {
			isa = PBXTargetDependency;
			target = 5864C0652A7000D900611BD0 /* Taurus */;
			targetProxy = A10000012E2000010000000D /* PBXContainerItemProxy */;
		};
/* End PBXTargetDependency section */

/* Begin XCBuildConfiguration section */
		A10000012E20000100000009 /* Debug */ = {
			isa = XCBuildConfiguration;
			buildSettings = {
				BUNDLE_LOADER = "$(TEST_HOST)";
				CODE_SIGN_STYLE = Automatic;
				CURRENT_PROJECT_VERSION = 1;
				GENERATE_INFOPLIST_FILE = YES;
				LD_RUNPATH_SEARCH_PATHS = (
					"$(inherited)",
					"@executable_path/../Frameworks",
					"@loader_path/../Frameworks",
				);
				MACOSX_DEPLOYMENT_TARGET = 12.0;
				MARKETING_VERSION = 1.0;
				OTHER_LDFLAGS = (
					"$(inherited)",
					"-framework",
					XCTest,
				);
				PRODUCT_BUNDLE_IDENTIFIER = lex.TaurusTests;
				PRODUCT_NAME = "$(TARGET_NAME)";
				SWIFT_EMIT_LOC_STRINGS = NO;
				SWIFT_VERSION = 5.0;
				TEST_HOST = "$(BUILT_PRODUCTS_DIR)/Taurus.app/Contents/MacOS/Taurus";
			};
			name = Debug;
		};
		A10000012E2000010000000A /* Release */ = {
			isa = XCBuildConfiguration;
			buildSettings = {
				BUNDLE_LOADER = "$(TEST_HOST)";
				CODE_SIGN_STYLE = Automatic;
				CURRENT_PROJECT_VERSION = 1;
				GENERATE_INFOPLIST_FILE = YES;
				LD_RUNPATH_SEARCH_PATHS = (
					"$(inherited)",
					"@executable_path/../Frameworks",
					"@loader_path/../Frameworks",
				);
				MACOSX_DEPLOYMENT_TARGET = 12.0;
				MARKETING_VERSION = 1.0;
				OTHER_LDFLAGS = (
					"$(inherited)",
					"-framework",
					XCTest,
				);
				PRODUCT_BUNDLE_IDENTIFIER = lex.TaurusTests;
				PRODUCT_NAME = "$(TARGET_NAME)";
				SWIFT_EMIT_LOC_STRINGS = NO;
				SWIFT_VERSION = 5.0;
				TEST_HOST = "$(BUILT_PRODUCTS_DIR)/Taurus.app/Contents/MacOS/Taurus";
			};
			name = Release;
		};
		5864C0732A7000D900611BD0 /* Debug */ = {
			isa = XCBuildConfiguration;
			buildSettings = {
				ALWAYS_SEARCH_USER_PATHS = NO;
				ASSETCATALOG_COMPILER_GENERATE_SWIFT_ASSET_SYMBOL_EXTENSIONS = YES;
				CLANG_ANALYZER_NONNULL = YES;
				CLANG_ANALYZER_NUMBER_OBJECT_CONVERSION = YES_AGGRESSIVE;
				CLANG_CXX_LANGUAGE_STANDARD = "gnu++20";
				CLANG_ENABLE_MODULES = YES;
				CLANG_ENABLE_OBJC_ARC = YES;
				CLANG_ENABLE_OBJC_WEAK = YES;
				CLANG_WARN_BLOCK_CAPTURE_AUTORELEASING = YES;
				CLANG_WARN_BOOL_CONVERSION = YES;
				CLANG_WARN_COMMA = YES;
				CLANG_WARN_CONSTANT_CONVERSION = YES;
				CLANG_WARN_DEPRECATED_OBJC_IMPLEMENTATIONS = YES;
				CLANG_WARN_DIRECT_OBJC_ISA_USAGE = YES_ERROR;
				CLANG_WARN_DOCUMENTATION_COMMENTS = YES;
				CLANG_WARN_EMPTY_BODY = YES;
				CLANG_WARN_ENUM_CONVERSION = YES;
				CLANG_WARN_INFINITE_RECURSION = YES;
				CLANG_WARN_INT_CONVERSION = YES;
				CLANG_WARN_NON_LITERAL_NULL_CONVERSION = YES;
				CLANG_WARN_OBJC_IMPLICIT_RETAIN_SELF = YES;
				CLANG_WARN_OBJC_LITERAL_CONVERSION = YES;
				CLANG_WARN_OBJC_ROOT_CLASS = YES_ERROR;
				CLANG_WARN_QUOTED_INCLUDE_IN_FRAMEWORK_HEADER = YES;
				CLANG_WARN_RANGE_LOOP_ANALYSIS = YES;
				CLANG_WARN_STRICT_PROTOTYPES = YES;
				CLANG_WARN_SUSPICIOUS_MOVE = YES;
				CLANG_WARN_UNGUARDED_AVAILABILITY = YES_AGGRESSIVE;
				CLANG_WARN_UNREACHABLE_CODE = YES;
				CLANG_WARN__DUPLICATE_METHOD_MATCH = YES;
				COPY_PHASE_STRIP = NO;
				DEAD_CODE_STRIPPING = YES;
				DEBUG_INFORMATION_FORMAT = dwarf;
				ENABLE_STRICT_OBJC_MSGSEND = YES;
				ENABLE_TESTABILITY = YES;
				ENABLE_USER_SCRIPT_SANDBOXING = YES;
				GCC_C_LANGUAGE_STANDARD = gnu11;
				GCC_DYNAMIC_NO_PIC = NO;
				GCC_NO_COMMON_BLOCKS = YES;
				GCC_OPTIMIZATION_LEVEL = 0;
				GCC_PREPROCESSOR_DEFINITIONS = (
					"DEBUG=1",
					"$(inherited)",
				);
				GCC_WARN_64_TO_32_BIT_CONVERSION = YES;
				GCC_WARN_ABOUT_RETURN_TYPE = YES_ERROR;
				GCC_WARN_UNDECLARED_SELECTOR = YES;
				GCC_WARN_UNINITIALIZED_AUTOS = YES_AGGRESSIVE;
				GCC_WARN_UNUSED_FUNCTION = YES;
				GCC_WARN_UNUSED_VARIABLE = YES;
				MACOSX_DEPLOYMENT_TARGET = 11.0;
				MTL_ENABLE_DEBUG_INFO = INCLUDE_SOURCE;
				MTL_FAST_MATH = YES;
				ONLY_ACTIVE_ARCH = YES;
				SDKROOT = macosx;
				STRING_CATALOG_GENERATE_SYMBOLS = YES;
				SWIFT_ACTIVE_COMPILATION_CONDITIONS = DEBUG;
				SWIFT_OPTIMIZATION_LEVEL = "-Onone";
			};
			name = Debug;
		};
		5864C0742A7000D900611BD0 /* Release */ = {
			isa = XCBuildConfiguration;
			buildSettings = {
				ALWAYS_SEARCH_USER_PATHS = NO;
				ASSETCATALOG_COMPILER_GENERATE_SWIFT_ASSET_SYMBOL_EXTENSIONS = YES;
				CLANG_ANALYZER_NONNULL = YES;
				CLANG_ANALYZER_NUMBER_OBJECT_CONVERSION = YES_AGGRESSIVE;
				CLANG_CXX_LANGUAGE_STANDARD = "gnu++20";
				CLANG_ENABLE_MODULES = YES;
				CLANG_ENABLE_OBJC_ARC = YES;
				CLANG_ENABLE_OBJC_WEAK = YES;
				CLANG_WARN_BLOCK_CAPTURE_AUTORELEASING = YES;
				CLANG_WARN_BOOL_CONVERSION = YES;
				CLANG_WARN_COMMA = YES;
				CLANG_WARN_CONSTANT_CONVERSION = YES;
				CLANG_WARN_DEPRECATED_OBJC_IMPLEMENTATIONS = YES;
				CLANG_WARN_DIRECT_OBJC_ISA_USAGE = YES_ERROR;
				CLANG_WARN_DOCUMENTATION_COMMENTS = YES;
				CLANG_WARN_EMPTY_BODY = YES;
				CLANG_WARN_ENUM_CONVERSION = YES;
				CLANG_WARN_INFINITE_RECURSION = YES;
				CLANG_WARN_INT_CONVERSION = YES;
				CLANG_WARN_NON_LITERAL_NULL_CONVERSION = YES;
				CLANG_WARN_OBJC_IMPLICIT_RETAIN_SELF = YES;
				CLANG_WARN_OBJC_LITERAL_CONVERSION = YES;
				CLANG_WARN_OBJC_ROOT_CLASS = YES_ERROR;
				CLANG_WARN_QUOTED_INCLUDE_IN_FRAMEWORK_HEADER = YES;
				CLANG_WARN_RANGE_LOOP_ANALYSIS = YES;
				CLANG_WARN_STRICT_PROTOTYPES = YES;
				CLANG_WARN_SUSPICIOUS_MOVE = YES;
				CLANG_WARN_UNGUARDED_AVAILABILITY = YES_AGGRESSIVE;
				CLANG_WARN_UNREACHABLE_CODE = YES;
				CLANG_WARN__DUPLICATE_METHOD_MATCH = YES;
				COPY_PHASE_STRIP = NO;
				DEAD_CODE_STRIPPING = YES;
				DEBUG_INFORMATION_FORMAT = "dwarf-with-dsym";
				ENABLE_NS_ASSERTIONS = NO;
				ENABLE_STRICT_OBJC_MSGSEND = YES;
				ENABLE_USER_SCRIPT_SANDBOXING = YES;
				GCC_C_LANGUAGE_STANDARD = gnu11;
				GCC_NO_COMMON_BLOCKS = YES;
				GCC_WARN_64_TO_32_BIT_CONVERSION = YES;
				GCC_WARN_ABOUT_RETURN_TYPE = YES_ERROR;
				GCC_WARN_UNDECLARED_SELECTOR = YES;
				GCC_WARN_UNINITIALIZED_AUTOS = YES_AGGRESSIVE;
				GCC_WARN_UNUSED_FUNCTION = YES;
				GCC_WARN_UNUSED_VARIABLE = YES;
				MACOSX_DEPLOYMENT_TARGET = 11.0;
				MTL_ENABLE_DEBUG_INFO = NO;
				MTL_FAST_MATH = YES;
				SDKROOT = macosx;
				STRING_CATALOG_GENERATE_SYMBOLS = YES;
				SWIFT_COMPILATION_MODE = wholemodule;
				SWIFT_OPTIMIZATION_LEVEL = "-O";
			};
			name = Release;
		};
		5864C0762A7000D900611BD0 /* Debug */ = {
			isa = XCBuildConfiguration;
			buildSettings = {
				ASSETCATALOG_COMPILER_APPICON_NAME = AppIcon;
				ASSETCATALOG_COMPILER_GLOBAL_ACCENT_COLOR_NAME = AccentColor;
				CODE_SIGN_ENTITLEMENTS = Taurus/Taurus.entitlements;
				CODE_SIGN_STYLE = Automatic;
				COMBINE_HIDPI_IMAGES = YES;
				CURRENT_PROJECT_VERSION = 5;
				DEAD_CODE_STRIPPING = YES;
				DEVELOPMENT_ASSET_PATHS = "\"Taurus/Preview Content\"";
				ENABLE_PREVIEWS = YES;
				GENERATE_INFOPLIST_FILE = YES;
				INFOPLIST_KEY_CFBundleDisplayName = "Taurus V1.3.5";
				INFOPLIST_KEY_LSApplicationCategoryType = "public.app-category.developer-tools";
				INFOPLIST_KEY_NSHumanReadableCopyright = "";
				LD_RUNPATH_SEARCH_PATHS = (
					"$(inherited)",
					"@executable_path/../Frameworks",
				);
				MACOSX_DEPLOYMENT_TARGET = 12.0;
				MARKETING_VERSION = 1.3;
				PRODUCT_BUNDLE_IDENTIFIER = lex.Taurus;
				PRODUCT_NAME = "$(TARGET_NAME)";
				SWIFT_EMIT_LOC_STRINGS = YES;
				SWIFT_VERSION = 5.0;
			};
			name = Debug;
		};
		5864C0772A7000D900611BD0 /* Release */ = {
			isa = XCBuildConfiguration;
			buildSettings = {
				ASSETCATALOG_COMPILER_APPICON_NAME = AppIcon;
				ASSETCATALOG_COMPILER_GLOBAL_ACCENT_COLOR_NAME = AccentColor;
				CODE_SIGN_ENTITLEMENTS = Taurus/Taurus.entitlements;
				CODE_SIGN_STYLE = Automatic;
				COMBINE_HIDPI_IMAGES = YES;
				CURRENT_PROJECT_VERSION = 5;
				DEAD_CODE_STRIPPING = YES;
				DEVELOPMENT_ASSET_PATHS = "\"Taurus/Preview Content\"";
				ENABLE_PREVIEWS = YES;
				GENERATE_INFOPLIST_FILE = YES;
				INFOPLIST_KEY_CFBundleDisplayName = "Taurus V1.3.5";
				INFOPLIST_KEY_LSApplicationCategoryType = "public.app-category.developer-tools";
				INFOPLIST_KEY_NSHumanReadableCopyright = "";
				LD_RUNPATH_SEARCH_PATHS = (
					"$(inherited)",
					"@executable_path/../Frameworks",
				);
				MACOSX_DEPLOYMENT_TARGET = 12.0;
				MARKETING_VERSION = 1.3;
				PRODUCT_BUNDLE_IDENTIFIER = lex.Taurus;
				PRODUCT_NAME = "$(TARGET_NAME)";
				SWIFT_EMIT_LOC_STRINGS = YES;
				SWIFT_VERSION = 5.0;
			};
			name = Release;
		};
/* End XCBuildConfiguration section */

/* Begin XCConfigurationList section */
		A10000012E2000010000000B /* Build configuration list for PBXNativeTarget "TaurusTests" */ = {
			isa = XCConfigurationList;
			buildConfigurations = (
				A10000012E20000100000009 /* Debug */,
				A10000012E2000010000000A /* Release */,
			);
			defaultConfigurationIsVisible = 0;
			defaultConfigurationName = Release;
		};
		5864C0612A7000D900611BD0 /* Build configuration list for PBXProject "Taurus" */ = {
			isa = XCConfigurationList;
			buildConfigurations = (
				5864C0732A7000D900611BD0 /* Debug */,
				5864C0742A7000D900611BD0 /* Release */,
			);
			defaultConfigurationIsVisible = 0;
			defaultConfigurationName = Release;
		};
		5864C0752A7000D900611BD0 /* Build configuration list for PBXNativeTarget "Taurus" */ = {
			isa = XCConfigurationList;
			buildConfigurations = (
				5864C0762A7000D900611BD0 /* Debug */,
				5864C0772A7000D900611BD0 /* Release */,
			);
			defaultConfigurationIsVisible = 0;
			defaultConfigurationName = Release;
		};
/* End XCConfigurationList section */
	};
	rootObject = 5864C05E2A7000D900611BD0 /* Project object */;
}
